
Microsoft Visual Studio Solution File, Format Version 12.00
# Visual Studio Version 17
VisualStudioVersion = 17.7.34003.232
MinimumVisualStudioVersion = 10.0.40219.1
Project("{FAE04EC0-301F-11D3-BF4B-00C04F79EFBC}") = "abbeys-bakery-api", "abbeys-bakery-api\abbeys-bakery-api.csproj", "{B95608FA-CBBC-4B87-8952-84D0DAF7C2B1}"
EndProject
Global
	GlobalSection(SolutionConfigurationPlatforms) = preSolution
		Debug|Any CPU = Debug|Any CPU
		Release|Any CPU = Release|Any CPU
	EndGlobalSection
	GlobalSection(ProjectConfigurationPlatforms) = postSolution
		{B95608FA-CBBC-4B87-8952-84D0DAF7C2B1}.Debug|Any CPU.ActiveCfg = Debug|Any CPU
		{B95608FA-CBBC-4B87-8952-84D0DAF7C2B1}.Debug|Any CPU.Build.0 = Debug|Any CPU
		{B95608FA-CBBC-4B87-8952-84D0DAF7C2B1}.Release|Any CPU.ActiveCfg = Release|Any CPU
		{B95608FA-CBBC-4B87-8952-84D0DAF7C2B1}.Release|Any CPU.Build.0 = Release|Any CPU
	EndGlobalSection
	GlobalSection(SolutionProperties) = preSolution
		HideSolutionNode = FALSE
	EndGlobalSection
	GlobalSection(ExtensibilityGlobals) = postSolution
		SolutionGuid = {81D899B3-31A8-4CCE-AC58-D941780E63AA}
	EndGlobalSection
EndGlobal
